{
  "name": "Chemical-PFD-Web-Desktop",
  "lockfileVersion": 3,
  "requires": true,
  "packages": {
    "": {
      "dependencies": {
        "@heroui/use-theme": "^2.1.10"
      }
    },
    "node_modules/@heroui/use-theme": {
      "version": "2.1.10",
      "resolved": "https://registry.npmjs.org/@heroui/use-theme/-/use-theme-2.1.10.tgz",
      "integrity": "sha512-JM9Y56bzHMU0rEz1K86Tnli2oRqQY3/NYNOHXbVXQtP+ZB2eabm9Cbl15bPZzSskpEsD5oKnbccFV4dCYhenmw==",
      "peerDependencies": {
        "react": ">=18 || >=19.0.0-rc.0"
      }
    },
    "node_modules/react": {
      "version": "19.2.1",
      "resolved": "https://registry.npmjs.org/react/-/react-19.2.1.tgz",
      "integrity": "sha512-DGrYcCWK7tvYMnWh79yrPHt+vdx9tY+1gPZa7nJQtO/p8bLTDaHp4dzwEhQB7pZ4Xe3ok4XKuEPrVuc+wlpkmw==",
      "peer": true,
      "engines": {
        "node": ">=0.10.0"
      }
    }
  }
}
